
Microsoft Visual Studio Solution File, Format Version 12.00
# Visual Studio Version 16
VisualStudioVersion = 16.0.30320.27
MinimumVisualStudioVersion = 10.0.40219.1
Project("{FAE04EC0-301F-11D3-BF4B-00C04F79EFBC}") = "RecipesPosts.Android", "RecipesPosts\RecipesPosts.Android\RecipesPosts.Android.csproj", "{02D44F0E-6CD3-42B7-8251-C35FC8D6C493}"
EndProject
Project("{FAE04EC0-301F-11D3-BF4B-00C04F79EFBC}") = "RecipesPosts.iOS", "RecipesPosts\RecipesPosts.iOS\RecipesPosts.iOS.csproj", "{DCC7B7FF-D4E8-4E34-BA7F-34CB32EC5D72}"
EndProject
Project("{FAE04EC0-301F-11D3-BF4B-00C04F79EFBC}") = "RecipesPosts", "RecipesPosts\RecipesPosts\RecipesPosts.csproj", "{78BB7557-53A2-4FEE-B776-C9CE66AC3608}"
EndProject
Global
	GlobalSection(SolutionConfigurationPlatforms) = preSolution
		Debug|Any CPU = Debug|Any CPU
		Debug|iPhone = Debug|iPhone
		Debug|iPhoneSimulator = Debug|iPhoneSimulator
		Release|Any CPU = Release|Any CPU
		Release|iPhone = Release|iPhone
		Release|iPhoneSimulator = Release|iPhoneSimulator
	EndGlobalSection
	GlobalSection(ProjectConfigurationPlatforms) = postSolution
		{02D44F0E-6CD3-42B7-8251-C35FC8D6C493}.Debug|Any CPU.ActiveCfg = Debug|Any CPU
		{02D44F0E-6CD3-42B7-8251-C35FC8D6C493}.Debug|Any CPU.Build.0 = Debug|Any CPU
		{02D44F0E-6CD3-42B7-8251-C35FC8D6C493}.Debug|Any CPU.Deploy.0 = Debug|Any CPU
		{02D44F0E-6CD3-42B7-8251-C35FC8D6C493}.Debug|iPhone.ActiveCfg = Debug|Any CPU
		{02D44F0E-6CD3-42B7-8251-C35FC8D6C493}.Debug|iPhone.Build.0 = Debug|Any CPU
		{02D44F0E-6CD3-42B7-8251-C35FC8D6C493}.Debug|iPhone.Deploy.0 = Debug|Any CPU
		{02D44F0E-6CD3-42B7-8251-C35FC8D6C493}.Debug|iPhoneSimulator.ActiveCfg = Debug|Any CPU
		{02D44F0E-6CD3-42B7-8251-C35FC8D6C493}.Debug|iPhoneSimulator.Build.0 = Debug|Any CPU
		{02D44F0E-6CD3-42B7-8251-C35FC8D6C493}.Debug|iPhoneSimulator.Deploy.0 = Debug|Any CPU
		{02D44F0E-6CD3-42B7-8251-C35FC8D6C493}.Release|Any CPU.ActiveCfg = Release|Any CPU
		{02D44F0E-6CD3-42B7-8251-C35FC8D6C493}.Release|Any CPU.Build.0 = Release|Any CPU
		{02D44F0E-6CD3-42B7-8251-C35FC8D6C493}.Release|Any CPU.Deploy.0 = Release|Any CPU
		{02D44F0E-6CD3-42B7-8251-C35FC8D6C493}.Release|iPhone.ActiveCfg = Release|Any CPU
		{02D44F0E-6CD3-42B7-8251-C35FC8D6C493}.Release|iPhone.Build.0 = Release|Any CPU
		{02D44F0E-6CD3-42B7-8251-C35FC8D6C493}.Release|iPhone.Deploy.0 = Release|Any CPU
		{02D44F0E-6CD3-42B7-8251-C35FC8D6C493}.Release|iPhoneSimulator.ActiveCfg = Release|Any CPU
		{02D44F0E-6CD3-42B7-8251-C35FC8D6C493}.Release|iPhoneSimulator.Build.0 = Release|Any CPU
		{02D44F0E-6CD3-42B7-8251-C35FC8D6C493}.Release|iPhoneSimulator.Deploy.0 = Release|Any CPU
		{DCC7B7FF-D4E8-4E34-BA7F-34CB32EC5D72}.Debug|Any CPU.ActiveCfg = Debug|iPhone
		{DCC7B7FF-D4E8-4E34-BA7F-34CB32EC5D72}.Debug|Any CPU.Build.0 = Debug|iPhone
		{DCC7B7FF-D4E8-4E34-BA7F-34CB32EC5D72}.Debug|Any CPU.Deploy.0 = Debug|iPhone
		{DCC7B7FF-D4E8-4E34-BA7F-34CB32EC5D72}.Debug|iPhone.ActiveCfg = Debug|iPhone
		{DCC7B7FF-D4E8-4E34-BA7F-34CB32EC5D72}.Debug|iPhone.Build.0 = Debug|iPhone
		{DCC7B7FF-D4E8-4E34-BA7F-34CB32EC5D72}.Debug|iPhone.Deploy.0 = Debug|iPhone
		{DCC7B7FF-D4E8-4E34-BA7F-34CB32EC5D72}.Debug|iPhoneSimulator.ActiveCfg = Debug|iPhoneSimulator
		{DCC7B7FF-D4E8-4E34-BA7F-34CB32EC5D72}.Debug|iPhoneSimulator.Build.0 = Debug|iPhoneSimulator
		{DCC7B7FF-D4E8-4E34-BA7F-34CB32EC5D72}.Debug|iPhoneSimulator.Deploy.0 = Debug|iPhoneSimulator
		{DCC7B7FF-D4E8-4E34-BA7F-34CB32EC5D72}.Release|Any CPU.ActiveCfg = Release|iPhone
		{DCC7B7FF-D4E8-4E34-BA7F-34CB32EC5D72}.Release|Any CPU.Build.0 = Release|iPhone
		{DCC7B7FF-D4E8-4E34-BA7F-34CB32EC5D72}.Release|Any CPU.Deploy.0 = Release|iPhone
		{DCC7B7FF-D4E8-4E34-BA7F-34CB32EC5D72}.Release|iPhone.ActiveCfg = Release|iPhone
		{DCC7B7FF-D4E8-4E34-BA7F-34CB32EC5D72}.Release|iPhone.Build.0 = Release|iPhone
		{DCC7B7FF-D4E8-4E34-BA7F-34CB32EC5D72}.Release|iPhone.Deploy.0 = Release|iPhone
		{DCC7B7FF-D4E8-4E34-BA7F-34CB32EC5D72}.Release|iPhoneSimulator.ActiveCfg = Release|iPhoneSimulator
		{DCC7B7FF-D4E8-4E34-BA7F-34CB32EC5D72}.Release|iPhoneSimulator.Build.0 = Release|iPhoneSimulator
		{DCC7B7FF-D4E8-4E34-BA7F-34CB32EC5D72}.Release|iPhoneSimulator.Deploy.0 = Release|iPhoneSimulator
		{78BB7557-53A2-4FEE-B776-C9CE66AC3608}.Debug|Any CPU.ActiveCfg = Debug|Any CPU
		{78BB7557-53A2-4FEE-B776-C9CE66AC3608}.Debug|Any CPU.Build.0 = Debug|Any CPU
		{78BB7557-53A2-4FEE-B776-C9CE66AC3608}.Debug|Any CPU.Deploy.0 = Debug|Any CPU
		{78BB7557-53A2-4FEE-B776-C9CE66AC3608}.Debug|iPhone.ActiveCfg = Debug|Any CPU
		{78BB7557-53A2-4FEE-B776-C9CE66AC3608}.Debug|iPhone.Build.0 = Debug|Any CPU
		{78BB7557-53A2-4FEE-B776-C9CE66AC3608}.Debug|iPhone.Deploy.0 = Debug|Any CPU
		{78BB7557-53A2-4FEE-B776-C9CE66AC3608}.Debug|iPhoneSimulator.ActiveCfg = Debug|Any CPU
		{78BB7557-53A2-4FEE-B776-C9CE66AC3608}.Debug|iPhoneSimulator.Build.0 = Debug|Any CPU
		{78BB7557-53A2-4FEE-B776-C9CE66AC3608}.Debug|iPhoneSimulator.Deploy.0 = Debug|Any CPU
		{78BB7557-53A2-4FEE-B776-C9CE66AC3608}.Release|Any CPU.ActiveCfg = Release|Any CPU
		{78BB7557-53A2-4FEE-B776-C9CE66AC3608}.Release|Any CPU.Build.0 = Release|Any CPU
		{78BB7557-53A2-4FEE-B776-C9CE66AC3608}.Release|Any CPU.Deploy.0 = Release|Any CPU
		{78BB7557-53A2-4FEE-B776-C9CE66AC3608}.Release|iPhone.ActiveCfg = Release|Any CPU
		{78BB7557-53A2-4FEE-B776-C9CE66AC3608}.Release|iPhone.Build.0 = Release|Any CPU
		{78BB7557-53A2-4FEE-B776-C9CE66AC3608}.Release|iPhone.Deploy.0 = Release|Any CPU
		{78BB7557-53A2-4FEE-B776-C9CE66AC3608}.Release|iPhoneSimulator.ActiveCfg = Release|Any CPU
		{78BB7557-53A2-4FEE-B776-C9CE66AC3608}.Release|iPhoneSimulator.Build.0 = Release|Any CPU
		{78BB7557-53A2-4FEE-B776-C9CE66AC3608}.Release|iPhoneSimulator.Deploy.0 = Release|Any CPU
	EndGlobalSection
	GlobalSection(SolutionProperties) = preSolution
		HideSolutionNode = FALSE
	EndGlobalSection
	GlobalSection(ExtensibilityGlobals) = postSolution
		SolutionGuid = {DDFC2464-3600-42ED-B11D-C928EFAA373B}
	EndGlobalSection
EndGlobal
